Microsoft Visual Studio Solution File, Format Version 11.00
# Visual Studio 2008

Project("{09363B6B-D4C5-52D9-F0FF-1F07B65F5A7E}") = "Projetlutherie", "Assembly-CSharp-firstpass.csproj", "{719D253D-2450-B736-CDC0-356C01602CBA}"
EndProject
Project("{09363B6B-D4C5-52D9-F0FF-1F07B65F5A7E}") = "Projetlutherie", "Assembly-CSharp.csproj", "{781303E0-1C8C-8ECE-A3BE-A258FD871566}"
EndProject
Project("{09363B6B-D4C5-52D9-F0FF-1F07B65F5A7E}") = "Projetlutherie", "Assembly-CSharp-Editor.csproj", "{2BFBB093-EDD7-9205-2C66-6040C62B3C2F}"
EndProject
Global
	GlobalSection(SolutionConfigurationPlatforms) = preSolution
		Debug|Any CPU = Debug|Any CPU
		Release|Any CPU = Release|Any CPU
	EndGlobalSection
	GlobalSection(ProjectConfigurationPlatforms) = postSolution
		{719D253D-2450-B736-CDC0-356C01602CBA}.Debug|Any CPU.ActiveCfg = Debug|Any CPU
		{719D253D-2450-B736-CDC0-356C01602CBA}.Debug|Any CPU.Build.0 = Debug|Any CPU
		{719D253D-2450-B736-CDC0-356C01602CBA}.Release|Any CPU.ActiveCfg = Release|Any CPU
		{719D253D-2450-B736-CDC0-356C01602CBA}.Release|Any CPU.Build.0 = Release|Any CPU
		{781303E0-1C8C-8ECE-A3BE-A258FD871566}.Debug|Any CPU.ActiveCfg = Debug|Any CPU
		{781303E0-1C8C-8ECE-A3BE-A258FD871566}.Debug|Any CPU.Build.0 = Debug|Any CPU
		{781303E0-1C8C-8ECE-A3BE-A258FD871566}.Release|Any CPU.ActiveCfg = Release|Any CPU
		{781303E0-1C8C-8ECE-A3BE-A258FD871566}.Release|Any CPU.Build.0 = Release|Any CPU
		{2BFBB093-EDD7-9205-2C66-6040C62B3C2F}.Debug|Any CPU.ActiveCfg = Debug|Any CPU
		{2BFBB093-EDD7-9205-2C66-6040C62B3C2F}.Debug|Any CPU.Build.0 = Debug|Any CPU
		{2BFBB093-EDD7-9205-2C66-6040C62B3C2F}.Release|Any CPU.ActiveCfg = Release|Any CPU
		{2BFBB093-EDD7-9205-2C66-6040C62B3C2F}.Release|Any CPU.Build.0 = Release|Any CPU
	EndGlobalSection
	GlobalSection(SolutionProperties) = preSolution
		HideSolutionNode = FALSE
	EndGlobalSection
	GlobalSection(MonoDevelopProperties) = preSolution
		StartupItem = Assembly-CSharp.csproj
		Policies = $0
		$0.TextStylePolicy = $1
		$1.inheritsSet = null
		$1.scope = text/x-csharp
		$0.CSharpFormattingPolicy = $2
		$2.inheritsSet = Mono
		$2.inheritsScope = text/x-csharp
		$2.scope = text/x-csharp
		$0.TextStylePolicy = $3
		$3.FileWidth = 120
		$3.TabWidth = 4
		$3.IndentWidth = 4
		$3.EolMarker = Unix
		$3.inheritsSet = Mono
		$3.inheritsScope = text/plain
		$3.scope = text/plain
	EndGlobalSection
EndGlobal
